
Microsoft Visual Studio Solution File, Format Version 12.00
# Visual Studio 15
VisualStudioVersion = 15.0.28307.271
MinimumVisualStudioVersion = 10.0.40219.1
Project("{FAE04EC0-301F-11D3-BF4B-00C04F79EFBC}") = "Library", "Library\Library.csproj", "{0EC6743F-DEBF-4261-A870-53B435ACE262}"
EndProject
Global
	GlobalSection(SolutionConfigurationPlatforms) = preSolution
		Debug|Any CPU = Debug|Any CPU
		Release|Any CPU = Release|Any CPU
	EndGlobalSection
	GlobalSection(ProjectConfigurationPlatforms) = postSolution
		{0EC6743F-DEBF-4261-A870-53B435ACE262}.Debug|Any CPU.ActiveCfg = Debug|Any CPU
		{0EC6743F-DEBF-4261-A870-53B435ACE262}.Debug|Any CPU.Build.0 = Debug|Any CPU
		{0EC6743F-DEBF-4261-A870-53B435ACE262}.Release|Any CPU.ActiveCfg = Release|Any CPU
		{0EC6743F-DEBF-4261-A870-53B435ACE262}.Release|Any CPU.Build.0 = Release|Any CPU
	EndGlobalSection
	GlobalSection(SolutionProperties) = preSolution
		HideSolutionNode = FALSE
	EndGlobalSection
	GlobalSection(ExtensibilityGlobals) = postSolution
		SolutionGuid = {C546F16F-DAFD-40C2-84B0-E3741C407F04}
	EndGlobalSection
EndGlobal
